
Microsoft Visual Studio Solution File, Format Version 12.00
# Visual Studio Version 17
VisualStudioVersion = 17.3.32929.385
MinimumVisualStudioVersion = 10.0.40219.1
Project("{FAE04EC0-301F-11D3-BF4B-00C04F79EFBC}") = "Elite clinic ms", "Elite clinic ms\Elite clinic ms.csproj", "{4A7EA254-6120-4860-8323-FF6C5B298012}"
EndProject
Global
	GlobalSection(SolutionConfigurationPlatforms) = preSolution
		Debug|Any CPU = Debug|Any CPU
		Release|Any CPU = Release|Any CPU
	EndGlobalSection
	GlobalSection(ProjectConfigurationPlatforms) = postSolution
		{4A7EA254-6120-4860-8323-FF6C5B298012}.Debug|Any CPU.ActiveCfg = Debug|Any CPU
		{4A7EA254-6120-4860-8323-FF6C5B298012}.Debug|Any CPU.Build.0 = Debug|Any CPU
		{4A7EA254-6120-4860-8323-FF6C5B298012}.Release|Any CPU.ActiveCfg = Release|Any CPU
		{4A7EA254-6120-4860-8323-FF6C5B298012}.Release|Any CPU.Build.0 = Release|Any CPU
	EndGlobalSection
	GlobalSection(SolutionProperties) = preSolution
		HideSolutionNode = FALSE
	EndGlobalSection
	GlobalSection(ExtensibilityGlobals) = postSolution
		SolutionGuid = {5F008E49-82D1-4DA5-9A0B-B85B47D7ACD8}
	EndGlobalSection
EndGlobal
